
Microsoft Visual Studio Solution File, Format Version 12.00
# Visual Studio Version 17
VisualStudioVersion = 17.0.31903.59
MinimumVisualStudioVersion = 10.0.40219.1
Project("{FAE04EC0-301F-11D3-BF4B-00C04F79EFBC}") = "ExceptsGame", "ExceptsGame\ExceptsGame.csproj", "{1706F81E-FBE1-47E6-B711-5CBC4F5FE23F}"
EndProject
Project("{FAE04EC0-301F-11D3-BF4B-00C04F79EFBC}") = "ExceptsGame.Tests", "ExceptsGame.Tests\ExceptsGame.Tests.csproj", "{7A5D6FF5-55CF-4F2F-81F6-D7974FF13498}"
EndProject
Project("{FAE04EC0-301F-11D3-BF4B-00C04F79EFBC}") = "ExceptsGame.Main", "ExceptsGame.Main\ExceptsGame.Main.csproj", "{A59DDEC0-D05C-497E-B6DC-8D2C6967CFC3}"
EndProject
Global
	GlobalSection(SolutionConfigurationPlatforms) = preSolution
		Debug|Any CPU = Debug|Any CPU
		Release|Any CPU = Release|Any CPU
	EndGlobalSection
	GlobalSection(SolutionProperties) = preSolution
		HideSolutionNode = FALSE
	EndGlobalSection
	GlobalSection(ProjectConfigurationPlatforms) = postSolution
		{1706F81E-FBE1-47E6-B711-5CBC4F5FE23F}.Debug|Any CPU.ActiveCfg = Debug|Any CPU
		{1706F81E-FBE1-47E6-B711-5CBC4F5FE23F}.Debug|Any CPU.Build.0 = Debug|Any CPU
		{1706F81E-FBE1-47E6-B711-5CBC4F5FE23F}.Release|Any CPU.ActiveCfg = Release|Any CPU
		{1706F81E-FBE1-47E6-B711-5CBC4F5FE23F}.Release|Any CPU.Build.0 = Release|Any CPU
		{7A5D6FF5-55CF-4F2F-81F6-D7974FF13498}.Debug|Any CPU.ActiveCfg = Debug|Any CPU
		{7A5D6FF5-55CF-4F2F-81F6-D7974FF13498}.Debug|Any CPU.Build.0 = Debug|Any CPU
		{7A5D6FF5-55CF-4F2F-81F6-D7974FF13498}.Release|Any CPU.ActiveCfg = Release|Any CPU
		{7A5D6FF5-55CF-4F2F-81F6-D7974FF13498}.Release|Any CPU.Build.0 = Release|Any CPU
		{A59DDEC0-D05C-497E-B6DC-8D2C6967CFC3}.Debug|Any CPU.ActiveCfg = Debug|Any CPU
		{A59DDEC0-D05C-497E-B6DC-8D2C6967CFC3}.Debug|Any CPU.Build.0 = Debug|Any CPU
		{A59DDEC0-D05C-497E-B6DC-8D2C6967CFC3}.Release|Any CPU.ActiveCfg = Release|Any CPU
		{A59DDEC0-D05C-497E-B6DC-8D2C6967CFC3}.Release|Any CPU.Build.0 = Release|Any CPU
	EndGlobalSection
EndGlobal
